# THIS IS AN AUTOGENERATED FILE. DO NOT EDIT THIS FILE DIRECTLY.
# yarn lockfile v1


"@module-federation/runtime-tools@0.2.3":
  version "0.2.3"
  resolved "https://registry.yarnpkg.com/@module-federation/runtime-tools/-/runtime-tools-0.2.3.tgz#2701b6fbcea322b4c5523fca1456f0cae8df73cd"
  integrity sha512-capN8CVTCEqNAjnl102girrkevczoQfnQYyiYC4WuyKsg7+LUqfirIe1Eiyv6VSE2UgvOTZDnqvervA6rBOlmg==
  dependencies:
    "@module-federation/runtime" "0.2.3"
    "@module-federation/webpack-bundler-runtime" "0.2.3"

"@module-federation/runtime@0.2.3":
  version "0.2.3"
  resolved "https://registry.yarnpkg.com/@module-federation/runtime/-/runtime-0.2.3.tgz#4ff46fe6de986aa9843a8e631b68a8e8dd416c0d"
  integrity sha512-N+ZxBUb1mkmfO9XT1BwgYQgShtUTlijHbukqQ4afFka5lRAT+ayC7RKfHJLz0HbuexKPCmPBDfdmCnErR5WyTQ==
  dependencies:
    "@module-federation/sdk" "0.2.3"

"@module-federation/sdk@0.2.3":
  version "0.2.3"
  resolved "https://registry.yarnpkg.com/@module-federation/sdk/-/sdk-0.2.3.tgz#b640830b299d2b9d27b48bced10d7126c15c1719"
  integrity sha512-W9zrPchLocyCBc/B8CW21akcfJXLl++9xBe1L1EtgxZGfj/xwHt0GcBWE/y+QGvYTL2a1iZjwscbftbUhxgxXg==

"@module-federation/webpack-bundler-runtime@0.2.3":
  version "0.2.3"
  resolved "https://registry.yarnpkg.com/@module-federation/webpack-bundler-runtime/-/webpack-bundler-runtime-0.2.3.tgz#5d03070ede8c63d76c62043db17651f398bfb1ab"
  integrity sha512-L/jt2uJ+8dwYiyn9GxryzDR6tr/Wk8rpgvelM2EBeLIhu7YxCHSmSjQYhw3BTux9zZIr47d1K9fGjBFsVRd/SQ==
  dependencies:
    "@module-federation/runtime" "0.2.3"
    "@module-federation/sdk" "0.2.3"

"@rsbuild/core@1.0.0-alpha.7":
  version "1.0.0-alpha.7"
  resolved "https://registry.yarnpkg.com/@rsbuild/core/-/core-1.0.0-alpha.7.tgz#72ca416bc7a1d2a5b4e6b94a02105f0cfe392533"
  integrity sha512-SKn9uqRbSeXq92KAB4imBF70yEPAe5if4QMeKyNUn2p6st9z035H5rYqxF7ZdODbKIK4SKyHfGSrGGPyJrsOtw==
  dependencies:
    "@rspack/core" "1.0.0-alpha.2"
    "@swc/helpers" "0.5.11"
    caniuse-lite "^1.0.30001640"
    core-js "~3.37.1"
    html-rspack-plugin "6.0.0-beta.5"
    postcss "^8.4.39"
  optionalDependencies:
    fsevents "~2.3.3"

"@rsbuild/plugin-react@1.0.0-alpha.7":
  version "1.0.0-alpha.7"
  resolved "https://registry.yarnpkg.com/@rsbuild/plugin-react/-/plugin-react-1.0.0-alpha.7.tgz#5b04a22bb1f97dffc33de1e6388954dd20190690"
  integrity sha512-vN22qZ5UQWUaGQChoXefFrlwFm99zJuKWk7dzgZjQXuXQRrAftDaYVXvZ4mNEcPCUZCtpHVvBtiPX6xQiAt3bQ==
  dependencies:
    "@rspack/plugin-react-refresh" "1.0.0-alpha.2"
    react-refresh "^0.14.2"

"@rspack/binding-darwin-arm64@1.0.0-alpha.2":
  version "1.0.0-alpha.2"
  resolved "https://registry.yarnpkg.com/@rspack/binding-darwin-arm64/-/binding-darwin-arm64-1.0.0-alpha.2.tgz#11007b16a9cfb23217dfb3f4efa1db3661aa13f0"
  integrity sha512-TPxUVWQKLS65erwi5BW5h5/LtaQt2ieXViLXrVCMzAohewkBrrrnwYOGI19KAoXIiX3G9nWf0M7g3Cgqfw5CxQ==

"@rspack/binding-darwin-x64@1.0.0-alpha.2":
  version "1.0.0-alpha.2"
  resolved "https://registry.yarnpkg.com/@rspack/binding-darwin-x64/-/binding-darwin-x64-1.0.0-alpha.2.tgz#069770b9e92e12215a005e59dc991e471e7b1d94"
  integrity sha512-Rue3q4i4JSTRXGb6RabqJtEYjZwpgWGyq/eoytYe+Gtjwun4hIEGPbw8fmuk+dmvl52B+LgyMw994Irxt0t9RQ==

"@rspack/binding-linux-arm64-gnu@1.0.0-alpha.2":
  version "1.0.0-alpha.2"
  resolved "https://registry.yarnpkg.com/@rspack/binding-linux-arm64-gnu/-/binding-linux-arm64-gnu-1.0.0-alpha.2.tgz#586f5d1651bb5755bca1712703400a50ad598097"
  integrity sha512-a3F6rjsegVnaNUz9EbE8ojj/puBcMvjLTz94sv8W+KVlKrefOLOHFRqUh1ZQd50+X8wlYKh9YrtXqVm/BiprnQ==

"@rspack/binding-linux-arm64-musl@1.0.0-alpha.2":
  version "1.0.0-alpha.2"
  resolved "https://registry.yarnpkg.com/@rspack/binding-linux-arm64-musl/-/binding-linux-arm64-musl-1.0.0-alpha.2.tgz#5db51a55a93aca70ebed1c196f8dc22d33dd43d7"
  integrity sha512-jdXTZDI4i1WVVlTfUb2y5OfVyB13nPWIONhkLxHuetIJURoLJVUEqqigEB5Xa9TM1LaZi8rhxs62+Cou4gUZ+A==

"@rspack/binding-linux-x64-gnu@1.0.0-alpha.2":
  version "1.0.0-alpha.2"
  resolved "https://registry.yarnpkg.com/@rspack/binding-linux-x64-gnu/-/binding-linux-x64-gnu-1.0.0-alpha.2.tgz#687f799776745dda0aac9707b0868550e0515b44"
  integrity sha512-dA+DVgN5dt1h+toOjEwQhRFhaoBpOsui50cXOZ99TvP5h99g52Dk4in5VG3W7jWYpvfMAQWISjGW+9znwzpWXQ==

"@rspack/binding-linux-x64-musl@1.0.0-alpha.2":
  version "1.0.0-alpha.2"
  resolved "https://registry.yarnpkg.com/@rspack/binding-linux-x64-musl/-/binding-linux-x64-musl-1.0.0-alpha.2.tgz#657d809a21b3945825213021ddc4e3e8370caeaa"
  integrity sha512-SoGloDsN/D/aN8d72iMsXJJC/pOj06McVnPodLpNzcRy+kMFo+N+BzTtziXYKjxqQFHtXd3MvuJMLjJDh+jSQw==

"@rspack/binding-win32-arm64-msvc@1.0.0-alpha.2":
  version "1.0.0-alpha.2"
  resolved "https://registry.yarnpkg.com/@rspack/binding-win32-arm64-msvc/-/binding-win32-arm64-msvc-1.0.0-alpha.2.tgz#c6d6725298f3afb3fdfffc9bf007debb29efa316"
  integrity sha512-2SYQQc/Oo31lwMJhFMjAwl3Fbr2Esy0p8O7Gnlo1wkttNCWa4UEBoyhL6sh0is4rcLYj9OcI9mLBXYSnISEtTQ==

"@rspack/binding-win32-ia32-msvc@1.0.0-alpha.2":
  version "1.0.0-alpha.2"
  resolved "https://registry.yarnpkg.com/@rspack/binding-win32-ia32-msvc/-/binding-win32-ia32-msvc-1.0.0-alpha.2.tgz#87d56b382250b20ad1dcb871849ab1bd5b9195d2"
  integrity sha512-1+LutdpPU/qU3pogi6B2A0GBIuuiK++FYMvuUlyc4dQyi2UQ2n9ICt6g1tw26BMJRAXeQlkLsihm4fRex3LnMA==

"@rspack/binding-win32-x64-msvc@1.0.0-alpha.2":
  version "1.0.0-alpha.2"
  resolved "https://registry.yarnpkg.com/@rspack/binding-win32-x64-msvc/-/binding-win32-x64-msvc-1.0.0-alpha.2.tgz#b26f437837c196afa27feebf41cb6b38367cdf36"
  integrity sha512-GtZgFMSuAQWr3tvQv7/WwQAKZGSKyh7G2DMfdtRK36yYW13jxidAxZGeULWlAYjrBlEVCeZH7pxEU8tSQPF6WA==

"@rspack/binding@1.0.0-alpha.2":
  version "1.0.0-alpha.2"
  resolved "https://registry.yarnpkg.com/@rspack/binding/-/binding-1.0.0-alpha.2.tgz#43a155e5077710fce8e46a3109fd160c902274f9"
  integrity sha512-1akICB3skW+kemHJ2GHlvykTom3qpywPDd8i38Bs2LfN16oqxgVtbvyCEWe4InhsYP/QadzDQqtAdt21Babavw==
  optionalDependencies:
    "@rspack/binding-darwin-arm64" "1.0.0-alpha.2"
    "@rspack/binding-darwin-x64" "1.0.0-alpha.2"
    "@rspack/binding-linux-arm64-gnu" "1.0.0-alpha.2"
    "@rspack/binding-linux-arm64-musl" "1.0.0-alpha.2"
    "@rspack/binding-linux-x64-gnu" "1.0.0-alpha.2"
    "@rspack/binding-linux-x64-musl" "1.0.0-alpha.2"
    "@rspack/binding-win32-arm64-msvc" "1.0.0-alpha.2"
    "@rspack/binding-win32-ia32-msvc" "1.0.0-alpha.2"
    "@rspack/binding-win32-x64-msvc" "1.0.0-alpha.2"

"@rspack/core@1.0.0-alpha.2":
  version "1.0.0-alpha.2"
  resolved "https://registry.yarnpkg.com/@rspack/core/-/core-1.0.0-alpha.2.tgz#4d462476da74a6022ecf39b267784375d5a0ada4"
  integrity sha512-YQLxjnR9IoHjjZWaJrjWaTrJLjgsXPHX6XHo9MVK6KeqE6sLJc9bl2gF88KLS5d/OM6GBTY1y63doLQUOe99cQ==
  dependencies:
    "@module-federation/runtime-tools" "0.2.3"
    "@rspack/binding" "1.0.0-alpha.2"
    "@rspack/lite-tapable" "1.0.0-alpha.2"
    caniuse-lite "^1.0.30001616"

"@rspack/lite-tapable@1.0.0-alpha.2", "@rspack/lite-tapable@^1.0.0-alpha.2":
  version "1.0.0-alpha.2"
  resolved "https://registry.yarnpkg.com/@rspack/lite-tapable/-/lite-tapable-1.0.0-alpha.2.tgz#710f58affedc511e4aac95e36be0fe8e0629b54f"
  integrity sha512-SYrWNryAkjBmjF+u1G2jqVkFrH8c+mui2QJJRA9e/UK+xz0l6+9e+CjP3taiT2YYmB3wc1pSUqJZFB9FZViRog==

"@rspack/plugin-react-refresh@1.0.0-alpha.2":
  version "1.0.0-alpha.2"
  resolved "https://registry.yarnpkg.com/@rspack/plugin-react-refresh/-/plugin-react-refresh-1.0.0-alpha.2.tgz#11772b6c642fb82448404ac8e61b9b2d4adb8ecc"
  integrity sha512-4NhLYTPo6S/7G5JT0pW++w7PmBFeDdo6ebW4uy9FhwAWKthuJSLH63qJFWTylzMtORmidwgUoczspd9cpX4zog==
  dependencies:
    error-stack-parser "^2.0.6"
    html-entities "^2.1.0"

"@swc/helpers@0.5.11":
  version "0.5.11"
  resolved "https://registry.yarnpkg.com/@swc/helpers/-/helpers-0.5.11.tgz#5bab8c660a6e23c13b2d23fcd1ee44a2db1b0cb7"
  integrity sha512-YNlnKRWF2sVojTpIyzwou9XoTNbzbzONwRhOoniEioF1AtaitTvVZblaQRrAzChWQ1bLYyYSWzM18y4WwgzJ+A==
  dependencies:
    tslib "^2.4.0"

caniuse-lite@^1.0.30001616, caniuse-lite@^1.0.30001640:
  version "1.0.30001641"
  resolved "https://registry.yarnpkg.com/caniuse-lite/-/caniuse-lite-1.0.30001641.tgz#3572862cd18befae3f637f2a1101cc033c6782ac"
  integrity sha512-Phv5thgl67bHYo1TtMY/MurjkHhV4EDaCosezRXgZ8jzA/Ub+wjxAvbGvjoFENStinwi5kCyOYV3mi5tOGykwA==

core-js@~3.37.1:
  version "3.37.1"
  resolved "https://registry.yarnpkg.com/core-js/-/core-js-3.37.1.tgz#d21751ddb756518ac5a00e4d66499df981a62db9"
  integrity sha512-Xn6qmxrQZyB0FFY8E3bgRXei3lWDJHhvI+u0q9TKIYM49G8pAr0FgnnrFRAmsbptZL1yxRADVXn+x5AGsbBfyw==

error-stack-parser@^2.0.6:
  version "2.1.4"
  resolved "https://registry.yarnpkg.com/error-stack-parser/-/error-stack-parser-2.1.4.tgz#229cb01cdbfa84440bfa91876285b94680188286"
  integrity sha512-Sk5V6wVazPhq5MhpO+AUxJn5x7XSXGl1R93Vn7i+zS15KDVxQijejNCrz8340/2bgLBjR9GtEG8ZVKONDjcqGQ==
  dependencies:
    stackframe "^1.3.4"

fsevents@~2.3.3:
  version "2.3.3"
  resolved "https://registry.yarnpkg.com/fsevents/-/fsevents-2.3.3.tgz#cac6407785d03675a2a5e1a5305c697b347d90d6"
  integrity sha512-5xoDfX+fL7faATnagmWPpbFtwh/R77WmMMqqHGS65C3vvB0YHrgF+B1YmZ3441tMj5n63k0212XNoJwzlhffQw==

html-entities@^2.1.0:
  version "2.5.2"
  resolved "https://registry.yarnpkg.com/html-entities/-/html-entities-2.5.2.tgz#201a3cf95d3a15be7099521620d19dfb4f65359f"
  integrity sha512-K//PSRMQk4FZ78Kyau+mZurHn3FH0Vwr+H36eE0rPbeYkRRi9YxceYPhuN60UwWorxyKHhqoAJl2OFKa4BVtaA==

html-rspack-plugin@6.0.0-beta.5:
  version "6.0.0-beta.5"
  resolved "https://registry.yarnpkg.com/html-rspack-plugin/-/html-rspack-plugin-6.0.0-beta.5.tgz#c9ebdee0f402ff1439808ec03e415a8215e2a1f2"
  integrity sha512-UzgniuWQ5Nr/8bf09tT+m9RHHrFD4USc1533okdVfZrtSbyVOdFu1G2UzcXZf0yD0IqJAQJsbRrND0+T4bgciQ==
  dependencies:
    "@rspack/lite-tapable" "^1.0.0-alpha.2"

"js-tokens@^3.0.0 || ^4.0.0":
  version "4.0.0"
  resolved "https://registry.yarnpkg.com/js-tokens/-/js-tokens-4.0.0.tgz#19203fb59991df98e3a287050d4647cdeaf32499"
  integrity sha512-RdJUflcE3cUzKiMqQgsCu06FPu9UdIJO0beYbPhHN4k6apgJtifcoCtT9bcxOpYBtpD2kCM6Sbzg4CausW/PKQ==

loose-envify@^1.1.0:
  version "1.4.0"
  resolved "https://registry.yarnpkg.com/loose-envify/-/loose-envify-1.4.0.tgz#71ee51fa7be4caec1a63839f7e682d8132d30caf"
  integrity sha512-lyuxPGr/Wfhrlem2CL/UcnUc1zcqKAImBDzukY7Y5F/yQiNdko6+fRLevlw1HgMySw7f611UIY408EtxRSoK3Q==
  dependencies:
    js-tokens "^3.0.0 || ^4.0.0"

nanoid@^3.3.7:
  version "3.3.7"
  resolved "https://registry.yarnpkg.com/nanoid/-/nanoid-3.3.7.tgz#d0c301a691bc8d54efa0a2226ccf3fe2fd656bd8"
  integrity sha512-eSRppjcPIatRIMC1U6UngP8XFcz8MQWGQdt1MTBQ7NaAmvXDfvNxbvWV3x2y6CdEUciCSsDHDQZbhYaB8QEo2g==

picocolors@^1.0.1:
  version "1.0.1"
  resolved "https://registry.yarnpkg.com/picocolors/-/picocolors-1.0.1.tgz#a8ad579b571952f0e5d25892de5445bcfe25aaa1"
  integrity sha512-anP1Z8qwhkbmu7MFP5iTt+wQKXgwzf7zTyGlcdzabySa9vd0Xt392U0rVmz9poOaBj0uHJKyyo9/upk0HrEQew==

postcss@^8.4.39:
  version "8.4.39"
  resolved "https://registry.yarnpkg.com/postcss/-/postcss-8.4.39.tgz#aa3c94998b61d3a9c259efa51db4b392e1bde0e3"
  integrity sha512-0vzE+lAiG7hZl1/9I8yzKLx3aR9Xbof3fBHKunvMfOCYAtMhrsnccJY2iTURb9EZd5+pLuiNV9/c/GZJOHsgIw==
  dependencies:
    nanoid "^3.3.7"
    picocolors "^1.0.1"
    source-map-js "^1.2.0"

react-dom@^18.3.1:
  version "18.3.1"
  resolved "https://registry.yarnpkg.com/react-dom/-/react-dom-18.3.1.tgz#c2265d79511b57d479b3dd3fdfa51536494c5cb4"
  integrity sha512-5m4nQKp+rZRb09LNH59GM4BxTh9251/ylbKIbpe7TpGxfJ+9kv6BLkLBXIjjspbgbnIBNqlI23tRnTWT0snUIw==
  dependencies:
    loose-envify "^1.1.0"
    scheduler "^0.23.2"

react-refresh@^0.14.2:
  version "0.14.2"
  resolved "https://registry.yarnpkg.com/react-refresh/-/react-refresh-0.14.2.tgz#3833da01ce32da470f1f936b9d477da5c7028bf9"
  integrity sha512-jCvmsr+1IUSMUyzOkRcvnVbX3ZYC6g9TDrDbFuFmRDq7PD4yaGbLKNQL6k2jnArV8hjYxh7hVhAZB6s9HDGpZA==

react@^18.3.1:
  version "18.3.1"
  resolved "https://registry.yarnpkg.com/react/-/react-18.3.1.tgz#49ab892009c53933625bd16b2533fc754cab2891"
  integrity sha512-wS+hAgJShR0KhEvPJArfuPVN1+Hz1t0Y6n5jLrGQbkb4urgPE/0Rve+1kMB1v/oWgHgm4WIcV+i7F2pTVj+2iQ==
  dependencies:
    loose-envify "^1.1.0"

scheduler@^0.23.2:
  version "0.23.2"
  resolved "https://registry.yarnpkg.com/scheduler/-/scheduler-0.23.2.tgz#414ba64a3b282892e944cf2108ecc078d115cdc3"
  integrity sha512-UOShsPwz7NrMUqhR6t0hWjFduvOzbtv7toDH1/hIrfRNIDBnnBWd0CwJTGvTpngVlmwGCdP9/Zl/tVrDqcuYzQ==
  dependencies:
    loose-envify "^1.1.0"

source-map-js@^1.2.0:
  version "1.2.0"
  resolved "https://registry.yarnpkg.com/source-map-js/-/source-map-js-1.2.0.tgz#16b809c162517b5b8c3e7dcd315a2a5c2612b2af"
  integrity sha512-itJW8lvSA0TXEphiRoawsCksnlf8SyvmFzIhltqAHluXd88pkCd+cXJVHTDwdCr0IzwptSm035IHQktUu1QUMg==

stackframe@^1.3.4:
  version "1.3.4"
  resolved "https://registry.yarnpkg.com/stackframe/-/stackframe-1.3.4.tgz#b881a004c8c149a5e8efef37d51b16e412943310"
  integrity sha512-oeVtt7eWQS+Na6F//S4kJ2K2VbRlS9D43mAlMyVpVWovy9o+jfgH8O9agzANzaiLjclA0oYzUXEM4PurhSUChw==

tslib@^2.4.0:
  version "2.6.3"
  resolved "https://registry.yarnpkg.com/tslib/-/tslib-2.6.3.tgz#0438f810ad7a9edcde7a241c3d80db693c8cbfe0"
  integrity sha512-xNvxJEOUiWPGhUuUdQgAJPKOOJfGnIyKySOc09XkKsgdUV/3E2zvwZYdejjmRgPCgcym1juLH3226yA7sEFJKQ==
