# THIS IS AN AUTOGENERATED FILE. DO NOT EDIT THIS FILE DIRECTLY.
# yarn lockfile v1


"@bufbuild/protobuf@^1.0.0":
  version "1.10.0"
  resolved "https://registry.yarnpkg.com/@bufbuild/protobuf/-/protobuf-1.10.0.tgz#1a67ac889c2d464a3492b3e54c38f80517963b16"
  integrity sha512-QDdVFLoN93Zjg36NoQPZfsVH9tZew7wKDKyV5qRdj8ntT4wQCOradQjRaTdwMhWUYsgKsvCINKKm87FdEk96Ag==

"@emotion/is-prop-valid@^0.8.2":
  version "0.8.8"
  resolved "https://registry.yarnpkg.com/@emotion/is-prop-valid/-/is-prop-valid-0.8.8.tgz#db28b1c4368a259b60a97311d6a952d4fd01ac1a"
  integrity sha512-u5WtneEAr5IDG2Wv65yhunPSMLIpuKsbuOktRojfrEiEvRyC85LgPMZI63cr7NUqT8ZIGdSVg8ZKGxIug4lXcA==
  dependencies:
    "@emotion/memoize" "0.7.4"

"@emotion/memoize@0.7.4":
  version "0.7.4"
  resolved "https://registry.yarnpkg.com/@emotion/memoize/-/memoize-0.7.4.tgz#19bf0f5af19149111c40d98bb0cf82119f5d9eeb"
  integrity sha512-Ja/Vfqe3HpuzRsG1oBtWTHk2PGZ7GR+2Vz5iYGelAw8dx32K0y7PjVuxK6z1nMpZOqAFsRUPCkK1YjJ56qJlgw==

"@module-federation/runtime-tools@0.2.3":
  version "0.2.3"
  resolved "https://registry.yarnpkg.com/@module-federation/runtime-tools/-/runtime-tools-0.2.3.tgz#2701b6fbcea322b4c5523fca1456f0cae8df73cd"
  integrity sha512-capN8CVTCEqNAjnl102girrkevczoQfnQYyiYC4WuyKsg7+LUqfirIe1Eiyv6VSE2UgvOTZDnqvervA6rBOlmg==
  dependencies:
    "@module-federation/runtime" "0.2.3"
    "@module-federation/webpack-bundler-runtime" "0.2.3"

"@module-federation/runtime@0.2.3":
  version "0.2.3"
  resolved "https://registry.yarnpkg.com/@module-federation/runtime/-/runtime-0.2.3.tgz#4ff46fe6de986aa9843a8e631b68a8e8dd416c0d"
  integrity sha512-N+ZxBUb1mkmfO9XT1BwgYQgShtUTlijHbukqQ4afFka5lRAT+ayC7RKfHJLz0HbuexKPCmPBDfdmCnErR5WyTQ==
  dependencies:
    "@module-federation/sdk" "0.2.3"

"@module-federation/sdk@0.2.3":
  version "0.2.3"
  resolved "https://registry.yarnpkg.com/@module-federation/sdk/-/sdk-0.2.3.tgz#b640830b299d2b9d27b48bced10d7126c15c1719"
  integrity sha512-W9zrPchLocyCBc/B8CW21akcfJXLl++9xBe1L1EtgxZGfj/xwHt0GcBWE/y+QGvYTL2a1iZjwscbftbUhxgxXg==

"@module-federation/webpack-bundler-runtime@0.2.3":
  version "0.2.3"
  resolved "https://registry.yarnpkg.com/@module-federation/webpack-bundler-runtime/-/webpack-bundler-runtime-0.2.3.tgz#5d03070ede8c63d76c62043db17651f398bfb1ab"
  integrity sha512-L/jt2uJ+8dwYiyn9GxryzDR6tr/Wk8rpgvelM2EBeLIhu7YxCHSmSjQYhw3BTux9zZIr47d1K9fGjBFsVRd/SQ==
  dependencies:
    "@module-federation/runtime" "0.2.3"
    "@module-federation/sdk" "0.2.3"

"@rsbuild/core@1.0.0-alpha.7":
  version "1.0.0-alpha.7"
  resolved "https://registry.yarnpkg.com/@rsbuild/core/-/core-1.0.0-alpha.7.tgz#72ca416bc7a1d2a5b4e6b94a02105f0cfe392533"
  integrity sha512-SKn9uqRbSeXq92KAB4imBF70yEPAe5if4QMeKyNUn2p6st9z035H5rYqxF7ZdODbKIK4SKyHfGSrGGPyJrsOtw==
  dependencies:
    "@rspack/core" "1.0.0-alpha.2"
    "@swc/helpers" "0.5.11"
    caniuse-lite "^1.0.30001640"
    core-js "~3.37.1"
    html-rspack-plugin "6.0.0-beta.5"
    postcss "^8.4.39"
  optionalDependencies:
    fsevents "~2.3.3"

"@rsbuild/plugin-react@1.0.0-alpha.7":
  version "1.0.0-alpha.7"
  resolved "https://registry.yarnpkg.com/@rsbuild/plugin-react/-/plugin-react-1.0.0-alpha.7.tgz#5b04a22bb1f97dffc33de1e6388954dd20190690"
  integrity sha512-vN22qZ5UQWUaGQChoXefFrlwFm99zJuKWk7dzgZjQXuXQRrAftDaYVXvZ4mNEcPCUZCtpHVvBtiPX6xQiAt3bQ==
  dependencies:
    "@rspack/plugin-react-refresh" "1.0.0-alpha.2"
    react-refresh "^0.14.2"

"@rsbuild/plugin-sass@^1.0.0-alpha.7":
  version "1.0.0-alpha.7"
  resolved "https://registry.yarnpkg.com/@rsbuild/plugin-sass/-/plugin-sass-1.0.0-alpha.7.tgz#0498ccbabffe311031748c0a89a10e46be9098d7"
  integrity sha512-ZiSicJnL793tAQpRwVK5EE5TrqRwMDNolhZX4Zb8he/ijsBql9gF4d9MeupI7vPKgltmKFdsYvWgtARezDLInw==
  dependencies:
    deepmerge "^4.3.1"
    loader-utils "^2.0.4"
    postcss "^8.4.39"
    reduce-configs "^1.0.0"
    sass-embedded "^1.77.5"

"@rspack/binding-darwin-arm64@1.0.0-alpha.2":
  version "1.0.0-alpha.2"
  resolved "https://registry.yarnpkg.com/@rspack/binding-darwin-arm64/-/binding-darwin-arm64-1.0.0-alpha.2.tgz#11007b16a9cfb23217dfb3f4efa1db3661aa13f0"
  integrity sha512-TPxUVWQKLS65erwi5BW5h5/LtaQt2ieXViLXrVCMzAohewkBrrrnwYOGI19KAoXIiX3G9nWf0M7g3Cgqfw5CxQ==

"@rspack/binding-darwin-x64@1.0.0-alpha.2":
  version "1.0.0-alpha.2"
  resolved "https://registry.yarnpkg.com/@rspack/binding-darwin-x64/-/binding-darwin-x64-1.0.0-alpha.2.tgz#069770b9e92e12215a005e59dc991e471e7b1d94"
  integrity sha512-Rue3q4i4JSTRXGb6RabqJtEYjZwpgWGyq/eoytYe+Gtjwun4hIEGPbw8fmuk+dmvl52B+LgyMw994Irxt0t9RQ==

"@rspack/binding-linux-arm64-gnu@1.0.0-alpha.2":
  version "1.0.0-alpha.2"
  resolved "https://registry.yarnpkg.com/@rspack/binding-linux-arm64-gnu/-/binding-linux-arm64-gnu-1.0.0-alpha.2.tgz#586f5d1651bb5755bca1712703400a50ad598097"
  integrity sha512-a3F6rjsegVnaNUz9EbE8ojj/puBcMvjLTz94sv8W+KVlKrefOLOHFRqUh1ZQd50+X8wlYKh9YrtXqVm/BiprnQ==

"@rspack/binding-linux-arm64-musl@1.0.0-alpha.2":
  version "1.0.0-alpha.2"
  resolved "https://registry.yarnpkg.com/@rspack/binding-linux-arm64-musl/-/binding-linux-arm64-musl-1.0.0-alpha.2.tgz#5db51a55a93aca70ebed1c196f8dc22d33dd43d7"
  integrity sha512-jdXTZDI4i1WVVlTfUb2y5OfVyB13nPWIONhkLxHuetIJURoLJVUEqqigEB5Xa9TM1LaZi8rhxs62+Cou4gUZ+A==

"@rspack/binding-linux-x64-gnu@1.0.0-alpha.2":
  version "1.0.0-alpha.2"
  resolved "https://registry.yarnpkg.com/@rspack/binding-linux-x64-gnu/-/binding-linux-x64-gnu-1.0.0-alpha.2.tgz#687f799776745dda0aac9707b0868550e0515b44"
  integrity sha512-dA+DVgN5dt1h+toOjEwQhRFhaoBpOsui50cXOZ99TvP5h99g52Dk4in5VG3W7jWYpvfMAQWISjGW+9znwzpWXQ==

"@rspack/binding-linux-x64-musl@1.0.0-alpha.2":
  version "1.0.0-alpha.2"
  resolved "https://registry.yarnpkg.com/@rspack/binding-linux-x64-musl/-/binding-linux-x64-musl-1.0.0-alpha.2.tgz#657d809a21b3945825213021ddc4e3e8370caeaa"
  integrity sha512-SoGloDsN/D/aN8d72iMsXJJC/pOj06McVnPodLpNzcRy+kMFo+N+BzTtziXYKjxqQFHtXd3MvuJMLjJDh+jSQw==

"@rspack/binding-win32-arm64-msvc@1.0.0-alpha.2":
  version "1.0.0-alpha.2"
  resolved "https://registry.yarnpkg.com/@rspack/binding-win32-arm64-msvc/-/binding-win32-arm64-msvc-1.0.0-alpha.2.tgz#c6d6725298f3afb3fdfffc9bf007debb29efa316"
  integrity sha512-2SYQQc/Oo31lwMJhFMjAwl3Fbr2Esy0p8O7Gnlo1wkttNCWa4UEBoyhL6sh0is4rcLYj9OcI9mLBXYSnISEtTQ==

"@rspack/binding-win32-ia32-msvc@1.0.0-alpha.2":
  version "1.0.0-alpha.2"
  resolved "https://registry.yarnpkg.com/@rspack/binding-win32-ia32-msvc/-/binding-win32-ia32-msvc-1.0.0-alpha.2.tgz#87d56b382250b20ad1dcb871849ab1bd5b9195d2"
  integrity sha512-1+LutdpPU/qU3pogi6B2A0GBIuuiK++FYMvuUlyc4dQyi2UQ2n9ICt6g1tw26BMJRAXeQlkLsihm4fRex3LnMA==

"@rspack/binding-win32-x64-msvc@1.0.0-alpha.2":
  version "1.0.0-alpha.2"
  resolved "https://registry.yarnpkg.com/@rspack/binding-win32-x64-msvc/-/binding-win32-x64-msvc-1.0.0-alpha.2.tgz#b26f437837c196afa27feebf41cb6b38367cdf36"
  integrity sha512-GtZgFMSuAQWr3tvQv7/WwQAKZGSKyh7G2DMfdtRK36yYW13jxidAxZGeULWlAYjrBlEVCeZH7pxEU8tSQPF6WA==

"@rspack/binding@1.0.0-alpha.2":
  version "1.0.0-alpha.2"
  resolved "https://registry.yarnpkg.com/@rspack/binding/-/binding-1.0.0-alpha.2.tgz#43a155e5077710fce8e46a3109fd160c902274f9"
  integrity sha512-1akICB3skW+kemHJ2GHlvykTom3qpywPDd8i38Bs2LfN16oqxgVtbvyCEWe4InhsYP/QadzDQqtAdt21Babavw==
  optionalDependencies:
    "@rspack/binding-darwin-arm64" "1.0.0-alpha.2"
    "@rspack/binding-darwin-x64" "1.0.0-alpha.2"
    "@rspack/binding-linux-arm64-gnu" "1.0.0-alpha.2"
    "@rspack/binding-linux-arm64-musl" "1.0.0-alpha.2"
    "@rspack/binding-linux-x64-gnu" "1.0.0-alpha.2"
    "@rspack/binding-linux-x64-musl" "1.0.0-alpha.2"
    "@rspack/binding-win32-arm64-msvc" "1.0.0-alpha.2"
    "@rspack/binding-win32-ia32-msvc" "1.0.0-alpha.2"
    "@rspack/binding-win32-x64-msvc" "1.0.0-alpha.2"

"@rspack/core@1.0.0-alpha.2":
  version "1.0.0-alpha.2"
  resolved "https://registry.yarnpkg.com/@rspack/core/-/core-1.0.0-alpha.2.tgz#4d462476da74a6022ecf39b267784375d5a0ada4"
  integrity sha512-YQLxjnR9IoHjjZWaJrjWaTrJLjgsXPHX6XHo9MVK6KeqE6sLJc9bl2gF88KLS5d/OM6GBTY1y63doLQUOe99cQ==
  dependencies:
    "@module-federation/runtime-tools" "0.2.3"
    "@rspack/binding" "1.0.0-alpha.2"
    "@rspack/lite-tapable" "1.0.0-alpha.2"
    caniuse-lite "^1.0.30001616"

"@rspack/lite-tapable@1.0.0-alpha.2", "@rspack/lite-tapable@^1.0.0-alpha.2":
  version "1.0.0-alpha.2"
  resolved "https://registry.yarnpkg.com/@rspack/lite-tapable/-/lite-tapable-1.0.0-alpha.2.tgz#710f58affedc511e4aac95e36be0fe8e0629b54f"
  integrity sha512-SYrWNryAkjBmjF+u1G2jqVkFrH8c+mui2QJJRA9e/UK+xz0l6+9e+CjP3taiT2YYmB3wc1pSUqJZFB9FZViRog==

"@rspack/plugin-react-refresh@1.0.0-alpha.2":
  version "1.0.0-alpha.2"
  resolved "https://registry.yarnpkg.com/@rspack/plugin-react-refresh/-/plugin-react-refresh-1.0.0-alpha.2.tgz#11772b6c642fb82448404ac8e61b9b2d4adb8ecc"
  integrity sha512-4NhLYTPo6S/7G5JT0pW++w7PmBFeDdo6ebW4uy9FhwAWKthuJSLH63qJFWTylzMtORmidwgUoczspd9cpX4zog==
  dependencies:
    error-stack-parser "^2.0.6"
    html-entities "^2.1.0"

"@swc/helpers@0.5.11":
  version "0.5.11"
  resolved "https://registry.yarnpkg.com/@swc/helpers/-/helpers-0.5.11.tgz#5bab8c660a6e23c13b2d23fcd1ee44a2db1b0cb7"
  integrity sha512-YNlnKRWF2sVojTpIyzwou9XoTNbzbzONwRhOoniEioF1AtaitTvVZblaQRrAzChWQ1bLYyYSWzM18y4WwgzJ+A==
  dependencies:
    tslib "^2.4.0"

"@tanstack/query-core@5.51.1":
  version "5.51.1"
  resolved "https://registry.yarnpkg.com/@tanstack/query-core/-/query-core-5.51.1.tgz#55049ef0252c7d29de05e8219fd19b679509270e"
  integrity sha512-fJBMQMpo8/KSsWW5ratJR5+IFr7YNJ3K2kfP9l5XObYHsgfVy1w3FJUWU4FT2fj7+JMaEg33zOcNDBo0LMwHnw==

"@tanstack/query-devtools@5.51.1":
  version "5.51.1"
  resolved "https://registry.yarnpkg.com/@tanstack/query-devtools/-/query-devtools-5.51.1.tgz#80fb2b16cc11896b808d17b23487c43db38d22a8"
  integrity sha512-rehG0WmL3EXER6MAI2uHQia/n0b5c3ZROohpYm7u3G7yg4q+HsfQy6nuAo6uy40NzHUe3FmnfWCZQ0Vb/3lE6g==

"@tanstack/react-query-devtools@^5.51.1":
  version "5.51.1"
  resolved "https://registry.yarnpkg.com/@tanstack/react-query-devtools/-/react-query-devtools-5.51.1.tgz#08889d7a9db90e4ce7470805f61764d218e2ef79"
  integrity sha512-bRShIVKGpUOHpwziGKT8Aq1Ty0lIlGmNI7E0KbGYtmyOaImErpdElTdxfES1bRaI7i/j+mf2hLy+E6q7SrCwPg==
  dependencies:
    "@tanstack/query-devtools" "5.51.1"

"@tanstack/react-query@^5.51.1":
  version "5.51.1"
  resolved "https://registry.yarnpkg.com/@tanstack/react-query/-/react-query-5.51.1.tgz#e483b9c9011e079b89cf73ce447b2e06340b3f41"
  integrity sha512-s47HKFnQ4HOJAHoIiXcpna/roMMPZJPy6fJ6p4ZNVn8+/onlLBEDd1+xc8OnDuwgvecqkZD7Z2mnSRbcWefrKw==
  dependencies:
    "@tanstack/query-core" "5.51.1"

big.js@^5.2.2:
  version "5.2.2"
  resolved "https://registry.yarnpkg.com/big.js/-/big.js-5.2.2.tgz#65f0af382f578bcdc742bd9c281e9cb2d7768328"
  integrity sha512-vyL2OymJxmarO8gxMr0mhChsO9QGwhynfuu4+MHTAW6czfq9humCB7rKpUjDd9YUiDPU4mzpyupFSvOClAwbmQ==

browserslist@^4.23.1:
  version "4.23.2"
  resolved "https://registry.yarnpkg.com/browserslist/-/browserslist-4.23.2.tgz#244fe803641f1c19c28c48c4b6ec9736eb3d32ed"
  integrity sha512-qkqSyistMYdxAcw+CzbZwlBy8AGmS/eEWs+sEV5TnLRGDOL+C5M2EnH6tlZyg0YoAxGJAFKh61En9BR941GnHA==
  dependencies:
    caniuse-lite "^1.0.30001640"
    electron-to-chromium "^1.4.820"
    node-releases "^2.0.14"
    update-browserslist-db "^1.1.0"

buffer-builder@^0.2.0:
  version "0.2.0"
  resolved "https://registry.yarnpkg.com/buffer-builder/-/buffer-builder-0.2.0.tgz#3322cd307d8296dab1f604618593b261a3fade8f"
  integrity sha512-7VPMEPuYznPSoR21NE1zvd2Xna6c/CloiZCfcMXR1Jny6PjX0N4Nsa38zcBFo/FMK+BlA+FLKbJCQ0i2yxp+Xg==

caniuse-lite@^1.0.30001616, caniuse-lite@^1.0.30001640:
  version "1.0.30001641"
  resolved "https://registry.yarnpkg.com/caniuse-lite/-/caniuse-lite-1.0.30001641.tgz#3572862cd18befae3f637f2a1101cc033c6782ac"
  integrity sha512-Phv5thgl67bHYo1TtMY/MurjkHhV4EDaCosezRXgZ8jzA/Ub+wjxAvbGvjoFENStinwi5kCyOYV3mi5tOGykwA==

core-js@~3.37.1:
  version "3.37.1"
  resolved "https://registry.yarnpkg.com/core-js/-/core-js-3.37.1.tgz#d21751ddb756518ac5a00e4d66499df981a62db9"
  integrity sha512-Xn6qmxrQZyB0FFY8E3bgRXei3lWDJHhvI+u0q9TKIYM49G8pAr0FgnnrFRAmsbptZL1yxRADVXn+x5AGsbBfyw==

deepmerge@^4.3.1:
  version "4.3.1"
  resolved "https://registry.yarnpkg.com/deepmerge/-/deepmerge-4.3.1.tgz#44b5f2147cd3b00d4b56137685966f26fd25dd4a"
  integrity sha512-3sUqbMEc77XqpdNO7FRyRog+eW3ph+GYCbj+rK+uYyRMuwsVy0rMiVtPn+QJlKFvWP/1PYpapqYn0Me2knFn+A==

electron-to-chromium@^1.4.820:
  version "1.4.823"
  resolved "https://registry.yarnpkg.com/electron-to-chromium/-/electron-to-chromium-1.4.823.tgz#38587f7aa55bed14930f04091dfc65c39a3d8bd7"
  integrity sha512-4h+oPeAiGQOHFyUJOqpoEcPj/xxlicxBzOErVeYVMMmAiXUXsGpsFd0QXBMaUUbnD8hhSfLf9uw+MlsoIA7j5w==

emojis-list@^3.0.0:
  version "3.0.0"
  resolved "https://registry.yarnpkg.com/emojis-list/-/emojis-list-3.0.0.tgz#5570662046ad29e2e916e71aae260abdff4f6a78"
  integrity sha512-/kyM18EfinwXZbno9FyUGeFh87KC8HRQBQGildHZbEuRyWFOmv1U10o9BBp8XVZDVNNuQKyIGIu5ZYAAXJ0V2Q==

error-stack-parser@^2.0.6:
  version "2.1.4"
  resolved "https://registry.yarnpkg.com/error-stack-parser/-/error-stack-parser-2.1.4.tgz#229cb01cdbfa84440bfa91876285b94680188286"
  integrity sha512-Sk5V6wVazPhq5MhpO+AUxJn5x7XSXGl1R93Vn7i+zS15KDVxQijejNCrz8340/2bgLBjR9GtEG8ZVKONDjcqGQ==
  dependencies:
    stackframe "^1.3.4"

escalade@^3.1.2:
  version "3.1.2"
  resolved "https://registry.yarnpkg.com/escalade/-/escalade-3.1.2.tgz#54076e9ab29ea5bf3d8f1ed62acffbb88272df27"
  integrity sha512-ErCHMCae19vR8vQGe50xIsVomy19rg6gFu3+r3jkEO46suLMWBksvVyoGgQV+jOfl84ZSOSlmv6Gxa89PmTGmA==

framer-motion@^10.11.4:
  version "10.18.0"
  resolved "https://registry.yarnpkg.com/framer-motion/-/framer-motion-10.18.0.tgz#1f4fc51403996ea7170af885bd44a7079d255950"
  integrity sha512-oGlDh1Q1XqYPksuTD/usb0I70hq95OUzmL9+6Zd+Hs4XV0oaISBa/UUMSjYiq6m8EUF32132mOJ8xVZS+I0S6w==
  dependencies:
    tslib "^2.4.0"
  optionalDependencies:
    "@emotion/is-prop-valid" "^0.8.2"

fsevents@~2.3.3:
  version "2.3.3"
  resolved "https://registry.yarnpkg.com/fsevents/-/fsevents-2.3.3.tgz#cac6407785d03675a2a5e1a5305c697b347d90d6"
  integrity sha512-5xoDfX+fL7faATnagmWPpbFtwh/R77WmMMqqHGS65C3vvB0YHrgF+B1YmZ3441tMj5n63k0212XNoJwzlhffQw==

has-flag@^4.0.0:
  version "4.0.0"
  resolved "https://registry.yarnpkg.com/has-flag/-/has-flag-4.0.0.tgz#944771fd9c81c81265c4d6941860da06bb59479b"
  integrity sha512-EykJT/Q1KjTWctppgIAgfSO0tKVuZUjhgMr17kqTumMl6Afv3EISleU7qZUzoXDFTAHTDC4NOoG/ZxU3EvlMPQ==

html-entities@^2.1.0:
  version "2.5.2"
  resolved "https://registry.yarnpkg.com/html-entities/-/html-entities-2.5.2.tgz#201a3cf95d3a15be7099521620d19dfb4f65359f"
  integrity sha512-K//PSRMQk4FZ78Kyau+mZurHn3FH0Vwr+H36eE0rPbeYkRRi9YxceYPhuN60UwWorxyKHhqoAJl2OFKa4BVtaA==

html-rspack-plugin@6.0.0-beta.5:
  version "6.0.0-beta.5"
  resolved "https://registry.yarnpkg.com/html-rspack-plugin/-/html-rspack-plugin-6.0.0-beta.5.tgz#c9ebdee0f402ff1439808ec03e415a8215e2a1f2"
  integrity sha512-UzgniuWQ5Nr/8bf09tT+m9RHHrFD4USc1533okdVfZrtSbyVOdFu1G2UzcXZf0yD0IqJAQJsbRrND0+T4bgciQ==
  dependencies:
    "@rspack/lite-tapable" "^1.0.0-alpha.2"

immutable@^4.0.0:
  version "4.3.6"
  resolved "https://registry.yarnpkg.com/immutable/-/immutable-4.3.6.tgz#6a05f7858213238e587fb83586ffa3b4b27f0447"
  integrity sha512-Ju0+lEMyzMVZarkTn/gqRpdqd5dOPaz1mCZ0SH3JV6iFw81PldE/PEB1hWVEA288HPt4WXW8O7AWxB10M+03QQ==

"js-tokens@^3.0.0 || ^4.0.0":
  version "4.0.0"
  resolved "https://registry.yarnpkg.com/js-tokens/-/js-tokens-4.0.0.tgz#19203fb59991df98e3a287050d4647cdeaf32499"
  integrity sha512-RdJUflcE3cUzKiMqQgsCu06FPu9UdIJO0beYbPhHN4k6apgJtifcoCtT9bcxOpYBtpD2kCM6Sbzg4CausW/PKQ==

json5@^2.1.2:
  version "2.2.3"
  resolved "https://registry.yarnpkg.com/json5/-/json5-2.2.3.tgz#78cd6f1a19bdc12b73db5ad0c61efd66c1e29283"
  integrity sha512-XmOWe7eyHYH14cLdVPoyg+GOH3rYX++KpzrylJwSW98t3Nk+U8XOl8FWKOgwtzdb8lXGf6zYwDUzeHMWfxasyg==

loader-utils@^2.0.4:
  version "2.0.4"
  resolved "https://registry.yarnpkg.com/loader-utils/-/loader-utils-2.0.4.tgz#8b5cb38b5c34a9a018ee1fc0e6a066d1dfcc528c"
  integrity sha512-xXqpXoINfFhgua9xiqD8fPFHgkoq1mmmpE92WlDbm9rNRd/EbRb+Gqf908T2DMfuHjjJlksiK2RbHVOdD/MqSw==
  dependencies:
    big.js "^5.2.2"
    emojis-list "^3.0.0"
    json5 "^2.1.2"

lodash@^4.17.21:
  version "4.17.21"
  resolved "https://registry.yarnpkg.com/lodash/-/lodash-4.17.21.tgz#679591c564c3bffaae8454cf0b3df370c3d6911c"
  integrity sha512-v2kDEe57lecTulaDIuNTPy3Ry4gLGJ6Z1O3vE1krgXZNrsQ+LFTGHVxVjcXPs17LhbZVGedAJv8XZ1tvj5FvSg==

loose-envify@^1.1.0:
  version "1.4.0"
  resolved "https://registry.yarnpkg.com/loose-envify/-/loose-envify-1.4.0.tgz#71ee51fa7be4caec1a63839f7e682d8132d30caf"
  integrity sha512-lyuxPGr/Wfhrlem2CL/UcnUc1zcqKAImBDzukY7Y5F/yQiNdko6+fRLevlw1HgMySw7f611UIY408EtxRSoK3Q==
  dependencies:
    js-tokens "^3.0.0 || ^4.0.0"

nanoid@^3.3.7:
  version "3.3.7"
  resolved "https://registry.yarnpkg.com/nanoid/-/nanoid-3.3.7.tgz#d0c301a691bc8d54efa0a2226ccf3fe2fd656bd8"
  integrity sha512-eSRppjcPIatRIMC1U6UngP8XFcz8MQWGQdt1MTBQ7NaAmvXDfvNxbvWV3x2y6CdEUciCSsDHDQZbhYaB8QEo2g==

node-releases@^2.0.14:
  version "2.0.14"
  resolved "https://registry.yarnpkg.com/node-releases/-/node-releases-2.0.14.tgz#2ffb053bceb8b2be8495ece1ab6ce600c4461b0b"
  integrity sha512-y10wOWt8yZpqXmOgRo77WaHEmhYQYGNA6y421PKsKYWEK8aW+cqAphborZDhqfyKrbZEN92CN1X2KbafY2s7Yw==

picocolors@^1.0.1:
  version "1.0.1"
  resolved "https://registry.yarnpkg.com/picocolors/-/picocolors-1.0.1.tgz#a8ad579b571952f0e5d25892de5445bcfe25aaa1"
  integrity sha512-anP1Z8qwhkbmu7MFP5iTt+wQKXgwzf7zTyGlcdzabySa9vd0Xt392U0rVmz9poOaBj0uHJKyyo9/upk0HrEQew==

postcss@^8.4.39:
  version "8.4.39"
  resolved "https://registry.yarnpkg.com/postcss/-/postcss-8.4.39.tgz#aa3c94998b61d3a9c259efa51db4b392e1bde0e3"
  integrity sha512-0vzE+lAiG7hZl1/9I8yzKLx3aR9Xbof3fBHKunvMfOCYAtMhrsnccJY2iTURb9EZd5+pLuiNV9/c/GZJOHsgIw==
  dependencies:
    nanoid "^3.3.7"
    picocolors "^1.0.1"
    source-map-js "^1.2.0"

react-animated-counter@^1.7.9:
  version "1.7.9"
  resolved "https://registry.yarnpkg.com/react-animated-counter/-/react-animated-counter-1.7.9.tgz#842abbae3bd56872eccc8f33982aa984c5e342f6"
  integrity sha512-nHN1iQfIflatkCXuUYEZnKeMt+oo3Awu/dOxBS7hQws7BgEtv9nRGtVJNrn48ZqYoYNgkYhPt6JHMK2Qu6VcRQ==
  dependencies:
    framer-motion "^10.11.4"
    lodash "^4.17.21"

react-dom@^18.3.1:
  version "18.3.1"
  resolved "https://registry.yarnpkg.com/react-dom/-/react-dom-18.3.1.tgz#c2265d79511b57d479b3dd3fdfa51536494c5cb4"
  integrity sha512-5m4nQKp+rZRb09LNH59GM4BxTh9251/ylbKIbpe7TpGxfJ+9kv6BLkLBXIjjspbgbnIBNqlI23tRnTWT0snUIw==
  dependencies:
    loose-envify "^1.1.0"
    scheduler "^0.23.2"

react-loading-skeleton@^3.4.0:
  version "3.4.0"
  resolved "https://registry.yarnpkg.com/react-loading-skeleton/-/react-loading-skeleton-3.4.0.tgz#c71a3a17259d08e4064974aa0b07f150a09dfd57"
  integrity sha512-1oJEBc9+wn7BbkQQk7YodlYEIjgeR+GrRjD+QXkVjwZN7LGIcAFHrx4NhT7UHGBxNY1+zax3c+Fo6XQM4R7CgA==

react-refresh@^0.14.2:
  version "0.14.2"
  resolved "https://registry.yarnpkg.com/react-refresh/-/react-refresh-0.14.2.tgz#3833da01ce32da470f1f936b9d477da5c7028bf9"
  integrity sha512-jCvmsr+1IUSMUyzOkRcvnVbX3ZYC6g9TDrDbFuFmRDq7PD4yaGbLKNQL6k2jnArV8hjYxh7hVhAZB6s9HDGpZA==

react@^18.3.1:
  version "18.3.1"
  resolved "https://registry.yarnpkg.com/react/-/react-18.3.1.tgz#49ab892009c53933625bd16b2533fc754cab2891"
  integrity sha512-wS+hAgJShR0KhEvPJArfuPVN1+Hz1t0Y6n5jLrGQbkb4urgPE/0Rve+1kMB1v/oWgHgm4WIcV+i7F2pTVj+2iQ==
  dependencies:
    loose-envify "^1.1.0"

reduce-configs@^1.0.0:
  version "1.0.0"
  resolved "https://registry.yarnpkg.com/reduce-configs/-/reduce-configs-1.0.0.tgz#8686ed87104ed32d22051dcd652d0f4db876b429"
  integrity sha512-/JCYSgL/QeXXsq0Lv/7kOZfqvof7vyzHWfyNQPt3c6vc73mU4WRyT8RJ6ZH5Ci08vUOqXwk7jkZy6BycHTDD9w==
  dependencies:
    browserslist "^4.23.1"

rxjs@^7.4.0:
  version "7.8.1"
  resolved "https://registry.yarnpkg.com/rxjs/-/rxjs-7.8.1.tgz#6f6f3d99ea8044291efd92e7c7fcf562c4057543"
  integrity sha512-AA3TVj+0A2iuIoQkWEK/tqFjBq2j+6PO6Y0zJcvzLAFhEFIO3HL0vls9hWLncZbAAbK0mar7oZ4V079I/qPMxg==
  dependencies:
    tslib "^2.1.0"

sass-embedded-android-arm64@1.77.5:
  version "1.77.5"
  resolved "https://registry.yarnpkg.com/sass-embedded-android-arm64/-/sass-embedded-android-arm64-1.77.5.tgz#72247e760d3e765d184822cc8d970b77171c8e83"
  integrity sha512-t4yIhK5OUpg1coZxFpDo3BhI2YVj21JxEd5SVI6FfcWD2ESroQWsC4cbq3ejw5aun8R1Kx6xH1EKxO8bSMvn1g==

sass-embedded-android-arm@1.77.5:
  version "1.77.5"
  resolved "https://registry.yarnpkg.com/sass-embedded-android-arm/-/sass-embedded-android-arm-1.77.5.tgz#df864165351efd6dd94703791e7d553c0405c46d"
  integrity sha512-/DfNYoykqwMFduecqa8n0NH+cS6oLdCPFjwhe92efsOOt5WDYEOlolnhoOENZxqdzvSV+8axL+mHQ1Ypl4MLtg==

sass-embedded-android-ia32@1.77.5:
  version "1.77.5"
  resolved "https://registry.yarnpkg.com/sass-embedded-android-ia32/-/sass-embedded-android-ia32-1.77.5.tgz#7ba5d2567c28ddecaed34d8c7ae60aa8bda2d086"
  integrity sha512-92dWhEbR0Z2kpjbpfOx4LM9wlNBSnDsRtwpkMUK8udQIE7uF3E4/Fsf/88IJk0MrRkk4iwrsxxiCb1bz2tWnHQ==

sass-embedded-android-x64@1.77.5:
  version "1.77.5"
  resolved "https://registry.yarnpkg.com/sass-embedded-android-x64/-/sass-embedded-android-x64-1.77.5.tgz#d35af64ff83931c3fe135f1ffebf15bb5ffa2fcb"
  integrity sha512-lFnXz9lRnjRLJ8Y28ONJViID3rDq4p6LJ/9ByPk2ZnSpx5ouUjsu4AfrXKJ0jgHWBaDvSKSxq2fPpt5aMQAEZA==

sass-embedded-darwin-arm64@1.77.5:
  version "1.77.5"
  resolved "https://registry.yarnpkg.com/sass-embedded-darwin-arm64/-/sass-embedded-darwin-arm64-1.77.5.tgz#40bbb6b5df6817955bc2804c2b067a6ce85954ea"
  integrity sha512-J3yP6w+xqPrGQE0+sO4Gam6kBDJL5ivgkFNxR0fVlvKeN5qVFYhymp/xGRRMxBrKjohEQtBGP431EzrtvUMFow==

sass-embedded-darwin-x64@1.77.5:
  version "1.77.5"
  resolved "https://registry.yarnpkg.com/sass-embedded-darwin-x64/-/sass-embedded-darwin-x64-1.77.5.tgz#5c6741aa7b96e422b689d7dc0ebb68d6ea7b74fe"
  integrity sha512-A9fh5tg4s0FidMTG31Vs8TzYZ3Mam/I/tfqvN0g512OhBajp/p2DJvBY+0Br2r+TNH1yGUXf2ZfULuTBFj5u8w==

sass-embedded-linux-arm64@1.77.5:
  version "1.77.5"
  resolved "https://registry.yarnpkg.com/sass-embedded-linux-arm64/-/sass-embedded-linux-arm64-1.77.5.tgz#74b5beaf48d2644eeb133d7b0242fcd714dddb4e"
  integrity sha512-LoN804X7QsyvT/h8UGcgBMfV1SdT4JRRNV+slBICxoXPKBLXbZm9KyLRCBQcMLLdlXSZdOfZilxUN1Bd2az6OA==

sass-embedded-linux-arm@1.77.5:
  version "1.77.5"
  resolved "https://registry.yarnpkg.com/sass-embedded-linux-arm/-/sass-embedded-linux-arm-1.77.5.tgz#ee1d4e4bcfb5eac37a9c39c917ba9ff6b3a71245"
  integrity sha512-O7gbOWJloxITBZNkpwChFltxofsnDUf+3pz7+q2ETQKvZQ3kUfFENAF37slo0bsHJ7IEpwJK3ZJlnhZvIgfhgw==

sass-embedded-linux-ia32@1.77.5:
  version "1.77.5"
  resolved "https://registry.yarnpkg.com/sass-embedded-linux-ia32/-/sass-embedded-linux-ia32-1.77.5.tgz#9c00f8d2070183bc932048a4a32609e9a960c812"
  integrity sha512-KHNJymlEmjyJbhGfB34zowohjgMvv/qKVsDX5hPlar+qMh+cxJwfgPln1Zl9bfe9qLObmEV2zFA1rpVBWy4xGQ==

sass-embedded-linux-musl-arm64@1.77.5:
  version "1.77.5"
  resolved "https://registry.yarnpkg.com/sass-embedded-linux-musl-arm64/-/sass-embedded-linux-musl-arm64-1.77.5.tgz#42dde205238796b16235ee9de8c538b7cba242f7"
  integrity sha512-ZWl8K8rCL4/phm3IPWDADwjnYAiohoaKg7BKjGo+36zv8P0ocoA0A3j4xx7/kjUJWagOmmoTyYxoOu+lo1NaKw==

sass-embedded-linux-musl-arm@1.77.5:
  version "1.77.5"
  resolved "https://registry.yarnpkg.com/sass-embedded-linux-musl-arm/-/sass-embedded-linux-musl-arm-1.77.5.tgz#7bbfddddbbd115ead551b57065381e7a19b3b3e2"
  integrity sha512-TLhJzd1TJ0oX1oULobkWLMDLeErD27WbhdZqxtFvIqzyO+1TZPMwojhRX4YNWmHdmmYhIuXTR9foWxwL3Xjgsg==

sass-embedded-linux-musl-ia32@1.77.5:
  version "1.77.5"
  resolved "https://registry.yarnpkg.com/sass-embedded-linux-musl-ia32/-/sass-embedded-linux-musl-ia32-1.77.5.tgz#d2eea17321204be89cee85cb57edc2850a28c7a2"
  integrity sha512-83zNSgsIIc+tYQFKepFIlvAvAHnbWSpZ824MjqXJLeCbfzcMO8SZ/q6OA0Zd2SIrf79lCWI4OfPHqp1PI6M7HQ==

sass-embedded-linux-musl-x64@1.77.5:
  version "1.77.5"
  resolved "https://registry.yarnpkg.com/sass-embedded-linux-musl-x64/-/sass-embedded-linux-musl-x64-1.77.5.tgz#009dec64fb5a7b1849e7b3b5f45e8903c5643d63"
  integrity sha512-/SW9ggXZJilbRbKvRHAxEuQM6Yr9piEpvK7/aDevFL2XFvBW9x+dTzpH5jPVEmM0qWdJisS1r5mEv8AXUUdQZg==

sass-embedded-linux-x64@1.77.5:
  version "1.77.5"
  resolved "https://registry.yarnpkg.com/sass-embedded-linux-x64/-/sass-embedded-linux-x64-1.77.5.tgz#396b55654a4a107277d46675fc5ba68c74f9abb3"
  integrity sha512-3EmYeY+K8nMwIy1El9C+mPuONMQyXSCD6Yyztn3G7moPdZTqXrTL7kTJIl+SRq1tCcnOMMGXnBRE7Kpou1wd+w==

sass-embedded-win32-arm64@1.77.5:
  version "1.77.5"
  resolved "https://registry.yarnpkg.com/sass-embedded-win32-arm64/-/sass-embedded-win32-arm64-1.77.5.tgz#5152fe180dd65eab012dc3e91a0fd64511540187"
  integrity sha512-dwVFOqkyfCRQgQB8CByH+MG93fp7IsfFaPDDCQVzVFAT00+HXk/dWFPMnv65XDDndGwsUE1KlZnjg8iOBDlRdw==

sass-embedded-win32-ia32@1.77.5:
  version "1.77.5"
  resolved "https://registry.yarnpkg.com/sass-embedded-win32-ia32/-/sass-embedded-win32-ia32-1.77.5.tgz#e4835703cf958788765df0751b8282a7beca3898"
  integrity sha512-1ij/K5d2sHPJkytWiPJLoUOVHJOB6cSWXq7jmedeuGooWnBmqnWycmGkhBAEK/t6t1XgzMPsiJMGiHKh7fnBuA==

sass-embedded-win32-x64@1.77.5:
  version "1.77.5"
  resolved "https://registry.yarnpkg.com/sass-embedded-win32-x64/-/sass-embedded-win32-x64-1.77.5.tgz#5588366daf0cfe910926a4a45d9bf9c4470f4c14"
  integrity sha512-Pn6j0jDGeEAhuuVY0CaZaBa7yNkqimEsbUDYYuQ9xh+XdGvZ86SZf6HXHUVIyQUjHORLwQ5f0XoKYYzKfC0y9w==

sass-embedded@^1.77.5:
  version "1.77.5"
  resolved "https://registry.yarnpkg.com/sass-embedded/-/sass-embedded-1.77.5.tgz#c21da62af45b56a3ffb2e4e9a663389efb56b77a"
  integrity sha512-JQI8aprHDRSNK5exXsbusswTENQPJxW1QWUcLdwuyESoJClT1zo8e+4cmaV5OAU4abcRC6Av4/RmLocPdjcR3A==
  dependencies:
    "@bufbuild/protobuf" "^1.0.0"
    buffer-builder "^0.2.0"
    immutable "^4.0.0"
    rxjs "^7.4.0"
    supports-color "^8.1.1"
    varint "^6.0.0"
  optionalDependencies:
    sass-embedded-android-arm "1.77.5"
    sass-embedded-android-arm64 "1.77.5"
    sass-embedded-android-ia32 "1.77.5"
    sass-embedded-android-x64 "1.77.5"
    sass-embedded-darwin-arm64 "1.77.5"
    sass-embedded-darwin-x64 "1.77.5"
    sass-embedded-linux-arm "1.77.5"
    sass-embedded-linux-arm64 "1.77.5"
    sass-embedded-linux-ia32 "1.77.5"
    sass-embedded-linux-musl-arm "1.77.5"
    sass-embedded-linux-musl-arm64 "1.77.5"
    sass-embedded-linux-musl-ia32 "1.77.5"
    sass-embedded-linux-musl-x64 "1.77.5"
    sass-embedded-linux-x64 "1.77.5"
    sass-embedded-win32-arm64 "1.77.5"
    sass-embedded-win32-ia32 "1.77.5"
    sass-embedded-win32-x64 "1.77.5"

scheduler@^0.23.2:
  version "0.23.2"
  resolved "https://registry.yarnpkg.com/scheduler/-/scheduler-0.23.2.tgz#414ba64a3b282892e944cf2108ecc078d115cdc3"
  integrity sha512-UOShsPwz7NrMUqhR6t0hWjFduvOzbtv7toDH1/hIrfRNIDBnnBWd0CwJTGvTpngVlmwGCdP9/Zl/tVrDqcuYzQ==
  dependencies:
    loose-envify "^1.1.0"

source-map-js@^1.2.0:
  version "1.2.0"
  resolved "https://registry.yarnpkg.com/source-map-js/-/source-map-js-1.2.0.tgz#16b809c162517b5b8c3e7dcd315a2a5c2612b2af"
  integrity sha512-itJW8lvSA0TXEphiRoawsCksnlf8SyvmFzIhltqAHluXd88pkCd+cXJVHTDwdCr0IzwptSm035IHQktUu1QUMg==

stackframe@^1.3.4:
  version "1.3.4"
  resolved "https://registry.yarnpkg.com/stackframe/-/stackframe-1.3.4.tgz#b881a004c8c149a5e8efef37d51b16e412943310"
  integrity sha512-oeVtt7eWQS+Na6F//S4kJ2K2VbRlS9D43mAlMyVpVWovy9o+jfgH8O9agzANzaiLjclA0oYzUXEM4PurhSUChw==

supports-color@^8.1.1:
  version "8.1.1"
  resolved "https://registry.yarnpkg.com/supports-color/-/supports-color-8.1.1.tgz#cd6fc17e28500cff56c1b86c0a7fd4a54a73005c"
  integrity sha512-MpUEN2OodtUzxvKQl72cUF7RQ5EiHsGvSsVG0ia9c5RbWGL2CI4C7EpPS8UTBIplnlzZiNuV56w+FuNxy3ty2Q==
  dependencies:
    has-flag "^4.0.0"

tslib@^2.1.0, tslib@^2.4.0:
  version "2.6.3"
  resolved "https://registry.yarnpkg.com/tslib/-/tslib-2.6.3.tgz#0438f810ad7a9edcde7a241c3d80db693c8cbfe0"
  integrity sha512-xNvxJEOUiWPGhUuUdQgAJPKOOJfGnIyKySOc09XkKsgdUV/3E2zvwZYdejjmRgPCgcym1juLH3226yA7sEFJKQ==

update-browserslist-db@^1.1.0:
  version "1.1.0"
  resolved "https://registry.yarnpkg.com/update-browserslist-db/-/update-browserslist-db-1.1.0.tgz#7ca61c0d8650766090728046e416a8cde682859e"
  integrity sha512-EdRAaAyk2cUE1wOf2DkEhzxqOQvFOoRJFNS6NeyJ01Gp2beMRpBAINjM2iDXE3KCuKhwnvHIQCJm6ThL2Z+HzQ==
  dependencies:
    escalade "^3.1.2"
    picocolors "^1.0.1"

varint@^6.0.0:
  version "6.0.0"
  resolved "https://registry.yarnpkg.com/varint/-/varint-6.0.0.tgz#9881eb0ce8feaea6512439d19ddf84bf551661d0"
  integrity sha512-cXEIW6cfr15lFv563k4GuVuW/fiwjknytD37jIOLSdSWuOI6WnO/oKwmP2FQTU2l01LP8/M5TSAJpzUaGe3uWg==
